
Microsoft Visual Studio Solution File, Format Version 12.00
# Visual Studio 14
VisualStudioVersion = 14.0.25420.1
MinimumVisualStudioVersion = 10.0.40219.1
Project("{FAE04EC0-301F-11D3-BF4B-00C04F79EFBC}") = "SuperheroesUniverse.Models", "SuperheroesUniverse.Models\SuperheroesUniverse.Models.csproj", "{7FC0A8F4-6AE9-47B0-9385-73C0F126F5D0}"
EndProject
Project("{FAE04EC0-301F-11D3-BF4B-00C04F79EFBC}") = "SuperheroesUniverse.Data", "SuperheroesUniverse.Data\SuperheroesUniverse.Data.csproj", "{B0E7A89A-308E-43DA-B55C-93D9F36E4AE3}"
EndProject
Project("{FAE04EC0-301F-11D3-BF4B-00C04F79EFBC}") = "SuperheroesUniverse.ConsoleClient", "SuperheroesUniverse.ConsoleClient\SuperheroesUniverse.ConsoleClient.csproj", "{C2E05253-62A0-45CF-99A8-4C3737C7883A}"
EndProject
Project("{FAE04EC0-301F-11D3-BF4B-00C04F79EFBC}") = "SuperheroesUniverse.JsonProcessor", "JsonProcessor\SuperheroesUniverse.JsonProcessor.csproj", "{69CB44BA-D50D-48BE-AC31-44AFD1B97F0B}"
EndProject
Project("{FAE04EC0-301F-11D3-BF4B-00C04F79EFBC}") = "XmlReporter", "XmlReporter\XmlReporter.csproj", "{A586D6D7-8BD4-4B7A-88EC-2E1BFC64FEFA}"
EndProject
Global
	GlobalSection(SolutionConfigurationPlatforms) = preSolution
		Debug|Any CPU = Debug|Any CPU
		Release|Any CPU = Release|Any CPU
	EndGlobalSection
	GlobalSection(ProjectConfigurationPlatforms) = postSolution
		{7FC0A8F4-6AE9-47B0-9385-73C0F126F5D0}.Debug|Any CPU.ActiveCfg = Debug|Any CPU
		{7FC0A8F4-6AE9-47B0-9385-73C0F126F5D0}.Debug|Any CPU.Build.0 = Debug|Any CPU
		{7FC0A8F4-6AE9-47B0-9385-73C0F126F5D0}.Release|Any CPU.ActiveCfg = Release|Any CPU
		{7FC0A8F4-6AE9-47B0-9385-73C0F126F5D0}.Release|Any CPU.Build.0 = Release|Any CPU
		{B0E7A89A-308E-43DA-B55C-93D9F36E4AE3}.Debug|Any CPU.ActiveCfg = Debug|Any CPU
		{B0E7A89A-308E-43DA-B55C-93D9F36E4AE3}.Debug|Any CPU.Build.0 = Debug|Any CPU
		{B0E7A89A-308E-43DA-B55C-93D9F36E4AE3}.Release|Any CPU.ActiveCfg = Release|Any CPU
		{B0E7A89A-308E-43DA-B55C-93D9F36E4AE3}.Release|Any CPU.Build.0 = Release|Any CPU
		{C2E05253-62A0-45CF-99A8-4C3737C7883A}.Debug|Any CPU.ActiveCfg = Debug|Any CPU
		{C2E05253-62A0-45CF-99A8-4C3737C7883A}.Debug|Any CPU.Build.0 = Debug|Any CPU
		{C2E05253-62A0-45CF-99A8-4C3737C7883A}.Release|Any CPU.ActiveCfg = Release|Any CPU
		{C2E05253-62A0-45CF-99A8-4C3737C7883A}.Release|Any CPU.Build.0 = Release|Any CPU
		{69CB44BA-D50D-48BE-AC31-44AFD1B97F0B}.Debug|Any CPU.ActiveCfg = Debug|Any CPU
		{69CB44BA-D50D-48BE-AC31-44AFD1B97F0B}.Debug|Any CPU.Build.0 = Debug|Any CPU
		{69CB44BA-D50D-48BE-AC31-44AFD1B97F0B}.Release|Any CPU.ActiveCfg = Release|Any CPU
		{69CB44BA-D50D-48BE-AC31-44AFD1B97F0B}.Release|Any CPU.Build.0 = Release|Any CPU
		{A586D6D7-8BD4-4B7A-88EC-2E1BFC64FEFA}.Debug|Any CPU.ActiveCfg = Debug|Any CPU
		{A586D6D7-8BD4-4B7A-88EC-2E1BFC64FEFA}.Debug|Any CPU.Build.0 = Debug|Any CPU
		{A586D6D7-8BD4-4B7A-88EC-2E1BFC64FEFA}.Release|Any CPU.ActiveCfg = Release|Any CPU
		{A586D6D7-8BD4-4B7A-88EC-2E1BFC64FEFA}.Release|Any CPU.Build.0 = Release|Any CPU
	EndGlobalSection
	GlobalSection(SolutionProperties) = preSolution
		HideSolutionNode = FALSE
	EndGlobalSection
EndGlobal
