
Microsoft Visual Studio Solution File, Format Version 12.00
# Visual Studio 14
VisualStudioVersion = 14.0.25420.1
MinimumVisualStudioVersion = 10.0.40219.1
Project("{FAE04EC0-301F-11D3-BF4B-00C04F79EFBC}") = "TelerikDataAccess.Models", "TelerikDataAccess.Models\TelerikDataAccess.Models.csproj", "{26DB270F-EA1E-403F-983E-8D620043D83A}"
EndProject
Project("{FAE04EC0-301F-11D3-BF4B-00C04F79EFBC}") = "TelerikDataAccess.ConsoleClient", "TelerikDataAccess.ConsoleClient\TelerikDataAccess.ConsoleClient.csproj", "{9AB90624-E0C7-4D78-88FA-FCA5F1EB467D}"
EndProject
Global
	GlobalSection(SolutionConfigurationPlatforms) = preSolution
		Debug|Any CPU = Debug|Any CPU
		Release|Any CPU = Release|Any CPU
	EndGlobalSection
	GlobalSection(ProjectConfigurationPlatforms) = postSolution
		{26DB270F-EA1E-403F-983E-8D620043D83A}.Debug|Any CPU.ActiveCfg = Debug|Any CPU
		{26DB270F-EA1E-403F-983E-8D620043D83A}.Debug|Any CPU.Build.0 = Debug|Any CPU
		{26DB270F-EA1E-403F-983E-8D620043D83A}.Release|Any CPU.ActiveCfg = Release|Any CPU
		{26DB270F-EA1E-403F-983E-8D620043D83A}.Release|Any CPU.Build.0 = Release|Any CPU
		{9AB90624-E0C7-4D78-88FA-FCA5F1EB467D}.Debug|Any CPU.ActiveCfg = Debug|Any CPU
		{9AB90624-E0C7-4D78-88FA-FCA5F1EB467D}.Debug|Any CPU.Build.0 = Debug|Any CPU
		{9AB90624-E0C7-4D78-88FA-FCA5F1EB467D}.Release|Any CPU.ActiveCfg = Release|Any CPU
		{9AB90624-E0C7-4D78-88FA-FCA5F1EB467D}.Release|Any CPU.Build.0 = Release|Any CPU
	EndGlobalSection
	GlobalSection(SolutionProperties) = preSolution
		HideSolutionNode = FALSE
	EndGlobalSection
EndGlobal
